{
  "name": "quv3",
  "version": "0.1.0",
  "lockfileVersion": 3,
  "requires": true,
  "packages": {
    "": {
      "name": "quv3",
      "version": "0.1.0",
      "license": "MIT",
      "workspaces": [
        "packages/*"
      ],
      "engines": {
        "node": ">=20"
      }
    },
    "node_modules/@qu/core": {
      "resolved": "packages/core",
      "link": true
    },
    "node_modules/@qu/foundation": {
      "resolved": "packages/foundation",
      "link": true
    },
    "packages/core": {
      "name": "@qu/core",
      "version": "0.1.0",
      "license": "MIT"
    },
    "packages/foundation": {
      "name": "@qu/foundation",
      "version": "0.1.0",
      "license": "MIT"
    }
  }
}
